
Microsoft Visual Studio Solution File, Format Version 12.00
# Visual Studio Version 17
VisualStudioVersion = 17.3.32922.545
MinimumVisualStudioVersion = 10.0.40219.1
Project("{2150E333-8FDC-42A3-9474-1A3956D46DE8}") = "src", "src", "{FFF10B1F-6285-4E03-82DD-22D5BFB6069A}"
EndProject
Project("{2150E333-8FDC-42A3-9474-1A3956D46DE8}") = "data", "data", "{DC25D669-B0C8-45E7-B11F-527512EF3CF0}"
EndProject
Project("{9A19103F-16F7-4668-BE54-9A1E7A4F7556}") = "BifrostQL.Core", "src\BifrostQL.Core\BifrostQL.Core.csproj", "{01724466-5DD7-42B1-AC75-8E6C806DFCF2}"
EndProject
Project("{9A19103F-16F7-4668-BE54-9A1E7A4F7556}") = "BifrostQL.SqlServer", "src\data\BifrostQL.SqlServer\BifrostQL.SqlServer.csproj", "{0AD333D8-7400-4354-8ECD-867DDA6A5387}"
EndProject
Project("{9A19103F-16F7-4668-BE54-9A1E7A4F7556}") = "BifrostQL.Ngsql", "src\data\BifrostQL.Ngsql\BifrostQL.Ngsql.csproj", "{C5218A3B-851F-4C35-9E42-65CEB1D9D2B4}"
EndProject
Project("{9A19103F-16F7-4668-BE54-9A1E7A4F7556}") = "BifrostQL.Server", "src\BifrostQL.Server\BifrostQL.Server.csproj", "{8A9AAC1E-3E2C-4913-9324-9442289F83E5}"
EndProject
Project("{2150E333-8FDC-42A3-9474-1A3956D46DE8}") = "tests", "tests", "{C12B9C43-D8A0-403B-84F3-CB5345807318}"
EndProject
Project("{9A19103F-16F7-4668-BE54-9A1E7A4F7556}") = "BifrostQL.Core.Test", "tests\BifrostQL.Core.Test\BifrostQL.Core.Test.csproj", "{AC42C6B1-0F80-434A-A471-10097F4202BD}"
EndProject
Project("{2150E333-8FDC-42A3-9474-1A3956D46DE8}") = "Solution Items", "Solution Items", "{1FB4C907-457E-4779-8CCE-6EE29AC863A7}"
	ProjectSection(SolutionItems) = preProject
		README.md = README.md
	EndProjectSection
EndProject
Project("{FAE04EC0-301F-11D3-BF4B-00C04F79EFBC}") = "BifrostQL.Host", "src\BifrostQL.Host\BifrostQL.Host.csproj", "{85C49467-12CD-424F-84A3-DCAF0562BEA9}"
EndProject
Global
	GlobalSection(SolutionConfigurationPlatforms) = preSolution
		Debug|Any CPU = Debug|Any CPU
		Release|Any CPU = Release|Any CPU
	EndGlobalSection
	GlobalSection(ProjectConfigurationPlatforms) = postSolution
		{01724466-5DD7-42B1-AC75-8E6C806DFCF2}.Debug|Any CPU.ActiveCfg = Debug|Any CPU
		{01724466-5DD7-42B1-AC75-8E6C806DFCF2}.Debug|Any CPU.Build.0 = Debug|Any CPU
		{01724466-5DD7-42B1-AC75-8E6C806DFCF2}.Release|Any CPU.ActiveCfg = Release|Any CPU
		{01724466-5DD7-42B1-AC75-8E6C806DFCF2}.Release|Any CPU.Build.0 = Release|Any CPU
		{0AD333D8-7400-4354-8ECD-867DDA6A5387}.Debug|Any CPU.ActiveCfg = Debug|Any CPU
		{0AD333D8-7400-4354-8ECD-867DDA6A5387}.Debug|Any CPU.Build.0 = Debug|Any CPU
		{0AD333D8-7400-4354-8ECD-867DDA6A5387}.Release|Any CPU.ActiveCfg = Release|Any CPU
		{0AD333D8-7400-4354-8ECD-867DDA6A5387}.Release|Any CPU.Build.0 = Release|Any CPU
		{C5218A3B-851F-4C35-9E42-65CEB1D9D2B4}.Debug|Any CPU.ActiveCfg = Debug|Any CPU
		{C5218A3B-851F-4C35-9E42-65CEB1D9D2B4}.Debug|Any CPU.Build.0 = Debug|Any CPU
		{C5218A3B-851F-4C35-9E42-65CEB1D9D2B4}.Release|Any CPU.ActiveCfg = Release|Any CPU
		{C5218A3B-851F-4C35-9E42-65CEB1D9D2B4}.Release|Any CPU.Build.0 = Release|Any CPU
		{8A9AAC1E-3E2C-4913-9324-9442289F83E5}.Debug|Any CPU.ActiveCfg = Debug|Any CPU
		{8A9AAC1E-3E2C-4913-9324-9442289F83E5}.Debug|Any CPU.Build.0 = Debug|Any CPU
		{8A9AAC1E-3E2C-4913-9324-9442289F83E5}.Release|Any CPU.ActiveCfg = Release|Any CPU
		{8A9AAC1E-3E2C-4913-9324-9442289F83E5}.Release|Any CPU.Build.0 = Release|Any CPU
		{AC42C6B1-0F80-434A-A471-10097F4202BD}.Debug|Any CPU.ActiveCfg = Debug|Any CPU
		{AC42C6B1-0F80-434A-A471-10097F4202BD}.Debug|Any CPU.Build.0 = Debug|Any CPU
		{AC42C6B1-0F80-434A-A471-10097F4202BD}.Release|Any CPU.ActiveCfg = Release|Any CPU
		{AC42C6B1-0F80-434A-A471-10097F4202BD}.Release|Any CPU.Build.0 = Release|Any CPU
		{85C49467-12CD-424F-84A3-DCAF0562BEA9}.Debug|Any CPU.ActiveCfg = Debug|Any CPU
		{85C49467-12CD-424F-84A3-DCAF0562BEA9}.Debug|Any CPU.Build.0 = Debug|Any CPU
		{85C49467-12CD-424F-84A3-DCAF0562BEA9}.Release|Any CPU.ActiveCfg = Release|Any CPU
		{85C49467-12CD-424F-84A3-DCAF0562BEA9}.Release|Any CPU.Build.0 = Release|Any CPU
	EndGlobalSection
	GlobalSection(SolutionProperties) = preSolution
		HideSolutionNode = FALSE
	EndGlobalSection
	GlobalSection(NestedProjects) = preSolution
		{DC25D669-B0C8-45E7-B11F-527512EF3CF0} = {FFF10B1F-6285-4E03-82DD-22D5BFB6069A}
		{01724466-5DD7-42B1-AC75-8E6C806DFCF2} = {FFF10B1F-6285-4E03-82DD-22D5BFB6069A}
		{0AD333D8-7400-4354-8ECD-867DDA6A5387} = {DC25D669-B0C8-45E7-B11F-527512EF3CF0}
		{C5218A3B-851F-4C35-9E42-65CEB1D9D2B4} = {DC25D669-B0C8-45E7-B11F-527512EF3CF0}
		{8A9AAC1E-3E2C-4913-9324-9442289F83E5} = {FFF10B1F-6285-4E03-82DD-22D5BFB6069A}
		{AC42C6B1-0F80-434A-A471-10097F4202BD} = {C12B9C43-D8A0-403B-84F3-CB5345807318}
		{85C49467-12CD-424F-84A3-DCAF0562BEA9} = {FFF10B1F-6285-4E03-82DD-22D5BFB6069A}
	EndGlobalSection
	GlobalSection(ExtensibilityGlobals) = postSolution
		SolutionGuid = {61918073-F25C-4BEB-A70C-BAD96E2D429F}
	EndGlobalSection
EndGlobal
