
Microsoft Visual Studio Solution File, Format Version 12.00
# Visual Studio Version 17
VisualStudioVersion = 17.3.32922.545
MinimumVisualStudioVersion = 10.0.40219.1
Project("{2150E333-8FDC-42A3-9474-1A3956D46DE8}") = "src", "src", "{FFF10B1F-6285-4E03-82DD-22D5BFB6069A}"
EndProject
Project("{2150E333-8FDC-42A3-9474-1A3956D46DE8}") = "data", "data", "{DC25D669-B0C8-45E7-B11F-527512EF3CF0}"
EndProject
Project("{9A19103F-16F7-4668-BE54-9A1E7A4F7556}") = "BifrostQL.Core", "src\BifrostQL.Core\BifrostQL.Core.csproj", "{01724466-5DD7-42B1-AC75-8E6C806DFCF2}"
EndProject
Project("{9A19103F-16F7-4668-BE54-9A1E7A4F7556}") = "BifrostQL.SqlServer", "src\data\BifrostQL.SqlServer\BifrostQL.SqlServer.csproj", "{0AD333D8-7400-4354-8ECD-867DDA6A5387}"
EndProject
Project("{9A19103F-16F7-4668-BE54-9A1E7A4F7556}") = "BifrostQL.Ngsql", "src\data\BifrostQL.Ngsql\BifrostQL.Ngsql.csproj", "{C5218A3B-851F-4C35-9E42-65CEB1D9D2B4}"
EndProject
Project("{9A19103F-16F7-4668-BE54-9A1E7A4F7556}") = "BifrostQL.Sqlite", "src\data\BifrostQL.Sqlite\BifrostQL.Sqlite.csproj", "{4CA92876-562E-439D-83B8-25F8E586BCB0}"
EndProject
Project("{9A19103F-16F7-4668-BE54-9A1E7A4F7556}") = "BifrostQL.Server", "src\BifrostQL.Server\BifrostQL.Server.csproj", "{8A9AAC1E-3E2C-4913-9324-9442289F83E5}"
EndProject
Project("{2150E333-8FDC-42A3-9474-1A3956D46DE8}") = "tests", "tests", "{C12B9C43-D8A0-403B-84F3-CB5345807318}"
EndProject
Project("{9A19103F-16F7-4668-BE54-9A1E7A4F7556}") = "BifrostQL.Core.Test", "tests\BifrostQL.Core.Test\BifrostQL.Core.Test.csproj", "{AC42C6B1-0F80-434A-A471-10097F4202BD}"
EndProject
Project("{9A19103F-16F7-4668-BE54-9A1E7A4F7556}") = "BifrostQL.Server.Test", "tests\BifrostQL.Server.Test\BifrostQL.Server.Test.csproj", "{F472C4E1-23C3-4E0F-85A1-0B3E87F4FF9E}"
EndProject
Project("{2150E333-8FDC-42A3-9474-1A3956D46DE8}") = "Solution Items", "Solution Items", "{1FB4C907-457E-4779-8CCE-6EE29AC863A7}"
	ProjectSection(SolutionItems) = preProject
		README.md = README.md
	EndProjectSection
EndProject
Project("{9A19103F-16F7-4668-BE54-9A1E7A4F7556}") = "BifrostQL.Host", "src\BifrostQL.Host\BifrostQL.Host.csproj", "{85C49467-12CD-424F-84A3-DCAF0562BEA9}"
EndProject
Project("{FAE04EC0-301F-11D3-BF4B-00C04F79EFBC}") = "BifrostQL.UI", "src\BifrostQL.UI\BifrostQL.UI.csproj", "{264A24F4-6CAC-4989-A1B8-B749FE6754EA}"
EndProject
Project("{FAE04EC0-301F-11D3-BF4B-00C04F79EFBC}") = "BifrostQL.MySql", "src\data\BifrostQL.MySql\BifrostQL.MySql.csproj", "{61AC552F-1130-4057-88BD-D5E20D24315C}"
EndProject
Project("{FAE04EC0-301F-11D3-BF4B-00C04F79EFBC}") = "BifrostQL.Tool", "src\BifrostQL.Tool\BifrostQL.Tool.csproj", "{02A6E56E-63A4-4A84-834C-889B7BB56688}"
EndProject
Project("{FAE04EC0-301F-11D3-BF4B-00C04F79EFBC}") = "BifrostQL.UI.Tests", "tests\BifrostQL.UI.Tests\BifrostQL.UI.Tests.csproj", "{D0132B15-0829-4B28-8297-59C23B60F001}"
EndProject
Project("{FAE04EC0-301F-11D3-BF4B-00C04F79EFBC}") = "BifrostQL.Integration.Test", "tests\BifrostQL.Integration.Test\BifrostQL.Integration.Test.csproj", "{A7F751F7-ACDC-4CD3-9F35-5F72464FFCD1}"
EndProject
Project("{2150E333-8FDC-42A3-9474-1A3956D46DE8}") = "data", "data", "{9E38AF35-210A-10F7-78D0-0B7E239E98A0}"
EndProject
Global
	GlobalSection(SolutionConfigurationPlatforms) = preSolution
		Debug|Any CPU = Debug|Any CPU
		Debug|x64 = Debug|x64
		Debug|x86 = Debug|x86
		Release|Any CPU = Release|Any CPU
		Release|x64 = Release|x64
		Release|x86 = Release|x86
	EndGlobalSection
	GlobalSection(ProjectConfigurationPlatforms) = postSolution
		{01724466-5DD7-42B1-AC75-8E6C806DFCF2}.Debug|Any CPU.ActiveCfg = Debug|Any CPU
		{01724466-5DD7-42B1-AC75-8E6C806DFCF2}.Debug|Any CPU.Build.0 = Debug|Any CPU
		{01724466-5DD7-42B1-AC75-8E6C806DFCF2}.Debug|x64.ActiveCfg = Debug|Any CPU
		{01724466-5DD7-42B1-AC75-8E6C806DFCF2}.Debug|x64.Build.0 = Debug|Any CPU
		{01724466-5DD7-42B1-AC75-8E6C806DFCF2}.Debug|x86.ActiveCfg = Debug|Any CPU
		{01724466-5DD7-42B1-AC75-8E6C806DFCF2}.Debug|x86.Build.0 = Debug|Any CPU
		{01724466-5DD7-42B1-AC75-8E6C806DFCF2}.Release|Any CPU.ActiveCfg = Release|Any CPU
		{01724466-5DD7-42B1-AC75-8E6C806DFCF2}.Release|Any CPU.Build.0 = Release|Any CPU
		{01724466-5DD7-42B1-AC75-8E6C806DFCF2}.Release|x64.ActiveCfg = Release|Any CPU
		{01724466-5DD7-42B1-AC75-8E6C806DFCF2}.Release|x64.Build.0 = Release|Any CPU
		{01724466-5DD7-42B1-AC75-8E6C806DFCF2}.Release|x86.ActiveCfg = Release|Any CPU
		{01724466-5DD7-42B1-AC75-8E6C806DFCF2}.Release|x86.Build.0 = Release|Any CPU
		{0AD333D8-7400-4354-8ECD-867DDA6A5387}.Debug|Any CPU.ActiveCfg = Debug|Any CPU
		{0AD333D8-7400-4354-8ECD-867DDA6A5387}.Debug|Any CPU.Build.0 = Debug|Any CPU
		{0AD333D8-7400-4354-8ECD-867DDA6A5387}.Debug|x64.ActiveCfg = Debug|Any CPU
		{0AD333D8-7400-4354-8ECD-867DDA6A5387}.Debug|x64.Build.0 = Debug|Any CPU
		{0AD333D8-7400-4354-8ECD-867DDA6A5387}.Debug|x86.ActiveCfg = Debug|Any CPU
		{0AD333D8-7400-4354-8ECD-867DDA6A5387}.Debug|x86.Build.0 = Debug|Any CPU
		{0AD333D8-7400-4354-8ECD-867DDA6A5387}.Release|Any CPU.ActiveCfg = Release|Any CPU
		{0AD333D8-7400-4354-8ECD-867DDA6A5387}.Release|Any CPU.Build.0 = Release|Any CPU
		{0AD333D8-7400-4354-8ECD-867DDA6A5387}.Release|x64.ActiveCfg = Release|Any CPU
		{0AD333D8-7400-4354-8ECD-867DDA6A5387}.Release|x64.Build.0 = Release|Any CPU
		{0AD333D8-7400-4354-8ECD-867DDA6A5387}.Release|x86.ActiveCfg = Release|Any CPU
		{0AD333D8-7400-4354-8ECD-867DDA6A5387}.Release|x86.Build.0 = Release|Any CPU
		{C5218A3B-851F-4C35-9E42-65CEB1D9D2B4}.Debug|Any CPU.ActiveCfg = Debug|Any CPU
		{C5218A3B-851F-4C35-9E42-65CEB1D9D2B4}.Debug|Any CPU.Build.0 = Debug|Any CPU
		{C5218A3B-851F-4C35-9E42-65CEB1D9D2B4}.Debug|x64.ActiveCfg = Debug|Any CPU
		{C5218A3B-851F-4C35-9E42-65CEB1D9D2B4}.Debug|x64.Build.0 = Debug|Any CPU
		{C5218A3B-851F-4C35-9E42-65CEB1D9D2B4}.Debug|x86.ActiveCfg = Debug|Any CPU
		{C5218A3B-851F-4C35-9E42-65CEB1D9D2B4}.Debug|x86.Build.0 = Debug|Any CPU
		{C5218A3B-851F-4C35-9E42-65CEB1D9D2B4}.Release|Any CPU.ActiveCfg = Release|Any CPU
		{C5218A3B-851F-4C35-9E42-65CEB1D9D2B4}.Release|Any CPU.Build.0 = Release|Any CPU
		{C5218A3B-851F-4C35-9E42-65CEB1D9D2B4}.Release|x64.ActiveCfg = Release|Any CPU
		{C5218A3B-851F-4C35-9E42-65CEB1D9D2B4}.Release|x64.Build.0 = Release|Any CPU
		{C5218A3B-851F-4C35-9E42-65CEB1D9D2B4}.Release|x86.ActiveCfg = Release|Any CPU
		{C5218A3B-851F-4C35-9E42-65CEB1D9D2B4}.Release|x86.Build.0 = Release|Any CPU
		{4CA92876-562E-439D-83B8-25F8E586BCB0}.Debug|Any CPU.ActiveCfg = Debug|Any CPU
		{4CA92876-562E-439D-83B8-25F8E586BCB0}.Debug|Any CPU.Build.0 = Debug|Any CPU
		{4CA92876-562E-439D-83B8-25F8E586BCB0}.Debug|x64.ActiveCfg = Debug|Any CPU
		{4CA92876-562E-439D-83B8-25F8E586BCB0}.Debug|x64.Build.0 = Debug|Any CPU
		{4CA92876-562E-439D-83B8-25F8E586BCB0}.Debug|x86.ActiveCfg = Debug|Any CPU
		{4CA92876-562E-439D-83B8-25F8E586BCB0}.Debug|x86.Build.0 = Debug|Any CPU
		{4CA92876-562E-439D-83B8-25F8E586BCB0}.Release|Any CPU.ActiveCfg = Release|Any CPU
		{4CA92876-562E-439D-83B8-25F8E586BCB0}.Release|Any CPU.Build.0 = Release|Any CPU
		{4CA92876-562E-439D-83B8-25F8E586BCB0}.Release|x64.ActiveCfg = Release|Any CPU
		{4CA92876-562E-439D-83B8-25F8E586BCB0}.Release|x64.Build.0 = Release|Any CPU
		{4CA92876-562E-439D-83B8-25F8E586BCB0}.Release|x86.ActiveCfg = Release|Any CPU
		{4CA92876-562E-439D-83B8-25F8E586BCB0}.Release|x86.Build.0 = Release|Any CPU
		{8A9AAC1E-3E2C-4913-9324-9442289F83E5}.Debug|Any CPU.ActiveCfg = Debug|Any CPU
		{8A9AAC1E-3E2C-4913-9324-9442289F83E5}.Debug|Any CPU.Build.0 = Debug|Any CPU
		{8A9AAC1E-3E2C-4913-9324-9442289F83E5}.Debug|x64.ActiveCfg = Debug|Any CPU
		{8A9AAC1E-3E2C-4913-9324-9442289F83E5}.Debug|x64.Build.0 = Debug|Any CPU
		{8A9AAC1E-3E2C-4913-9324-9442289F83E5}.Debug|x86.ActiveCfg = Debug|Any CPU
		{8A9AAC1E-3E2C-4913-9324-9442289F83E5}.Debug|x86.Build.0 = Debug|Any CPU
		{8A9AAC1E-3E2C-4913-9324-9442289F83E5}.Release|Any CPU.ActiveCfg = Release|Any CPU
		{8A9AAC1E-3E2C-4913-9324-9442289F83E5}.Release|Any CPU.Build.0 = Release|Any CPU
		{8A9AAC1E-3E2C-4913-9324-9442289F83E5}.Release|x64.ActiveCfg = Release|Any CPU
		{8A9AAC1E-3E2C-4913-9324-9442289F83E5}.Release|x64.Build.0 = Release|Any CPU
		{8A9AAC1E-3E2C-4913-9324-9442289F83E5}.Release|x86.ActiveCfg = Release|Any CPU
		{8A9AAC1E-3E2C-4913-9324-9442289F83E5}.Release|x86.Build.0 = Release|Any CPU
		{AC42C6B1-0F80-434A-A471-10097F4202BD}.Debug|Any CPU.ActiveCfg = Debug|Any CPU
		{AC42C6B1-0F80-434A-A471-10097F4202BD}.Debug|Any CPU.Build.0 = Debug|Any CPU
		{AC42C6B1-0F80-434A-A471-10097F4202BD}.Debug|x64.ActiveCfg = Debug|Any CPU
		{AC42C6B1-0F80-434A-A471-10097F4202BD}.Debug|x64.Build.0 = Debug|Any CPU
		{AC42C6B1-0F80-434A-A471-10097F4202BD}.Debug|x86.ActiveCfg = Debug|Any CPU
		{AC42C6B1-0F80-434A-A471-10097F4202BD}.Debug|x86.Build.0 = Debug|Any CPU
		{AC42C6B1-0F80-434A-A471-10097F4202BD}.Release|Any CPU.ActiveCfg = Release|Any CPU
		{AC42C6B1-0F80-434A-A471-10097F4202BD}.Release|Any CPU.Build.0 = Release|Any CPU
		{AC42C6B1-0F80-434A-A471-10097F4202BD}.Release|x64.ActiveCfg = Release|Any CPU
		{AC42C6B1-0F80-434A-A471-10097F4202BD}.Release|x64.Build.0 = Release|Any CPU
		{AC42C6B1-0F80-434A-A471-10097F4202BD}.Release|x86.ActiveCfg = Release|Any CPU
		{AC42C6B1-0F80-434A-A471-10097F4202BD}.Release|x86.Build.0 = Release|Any CPU
		{F472C4E1-23C3-4E0F-85A1-0B3E87F4FF9E}.Debug|Any CPU.ActiveCfg = Debug|Any CPU
		{F472C4E1-23C3-4E0F-85A1-0B3E87F4FF9E}.Debug|Any CPU.Build.0 = Debug|Any CPU
		{F472C4E1-23C3-4E0F-85A1-0B3E87F4FF9E}.Debug|x64.ActiveCfg = Debug|Any CPU
		{F472C4E1-23C3-4E0F-85A1-0B3E87F4FF9E}.Debug|x64.Build.0 = Debug|Any CPU
		{F472C4E1-23C3-4E0F-85A1-0B3E87F4FF9E}.Debug|x86.ActiveCfg = Debug|Any CPU
		{F472C4E1-23C3-4E0F-85A1-0B3E87F4FF9E}.Debug|x86.Build.0 = Debug|Any CPU
		{F472C4E1-23C3-4E0F-85A1-0B3E87F4FF9E}.Release|Any CPU.ActiveCfg = Release|Any CPU
		{F472C4E1-23C3-4E0F-85A1-0B3E87F4FF9E}.Release|Any CPU.Build.0 = Release|Any CPU
		{F472C4E1-23C3-4E0F-85A1-0B3E87F4FF9E}.Release|x64.ActiveCfg = Release|Any CPU
		{F472C4E1-23C3-4E0F-85A1-0B3E87F4FF9E}.Release|x64.Build.0 = Release|Any CPU
		{F472C4E1-23C3-4E0F-85A1-0B3E87F4FF9E}.Release|x86.ActiveCfg = Release|Any CPU
		{F472C4E1-23C3-4E0F-85A1-0B3E87F4FF9E}.Release|x86.Build.0 = Release|Any CPU
		{85C49467-12CD-424F-84A3-DCAF0562BEA9}.Debug|Any CPU.ActiveCfg = Debug|Any CPU
		{85C49467-12CD-424F-84A3-DCAF0562BEA9}.Debug|Any CPU.Build.0 = Debug|Any CPU
		{85C49467-12CD-424F-84A3-DCAF0562BEA9}.Debug|x64.ActiveCfg = Debug|Any CPU
		{85C49467-12CD-424F-84A3-DCAF0562BEA9}.Debug|x64.Build.0 = Debug|Any CPU
		{85C49467-12CD-424F-84A3-DCAF0562BEA9}.Debug|x86.ActiveCfg = Debug|Any CPU
		{85C49467-12CD-424F-84A3-DCAF0562BEA9}.Debug|x86.Build.0 = Debug|Any CPU
		{85C49467-12CD-424F-84A3-DCAF0562BEA9}.Release|Any CPU.ActiveCfg = Release|Any CPU
		{85C49467-12CD-424F-84A3-DCAF0562BEA9}.Release|Any CPU.Build.0 = Release|Any CPU
		{85C49467-12CD-424F-84A3-DCAF0562BEA9}.Release|x64.ActiveCfg = Release|Any CPU
		{85C49467-12CD-424F-84A3-DCAF0562BEA9}.Release|x64.Build.0 = Release|Any CPU
		{85C49467-12CD-424F-84A3-DCAF0562BEA9}.Release|x86.ActiveCfg = Release|Any CPU
		{85C49467-12CD-424F-84A3-DCAF0562BEA9}.Release|x86.Build.0 = Release|Any CPU
		{264A24F4-6CAC-4989-A1B8-B749FE6754EA}.Debug|Any CPU.ActiveCfg = Debug|Any CPU
		{264A24F4-6CAC-4989-A1B8-B749FE6754EA}.Debug|Any CPU.Build.0 = Debug|Any CPU
		{264A24F4-6CAC-4989-A1B8-B749FE6754EA}.Debug|x64.ActiveCfg = Debug|Any CPU
		{264A24F4-6CAC-4989-A1B8-B749FE6754EA}.Debug|x64.Build.0 = Debug|Any CPU
		{264A24F4-6CAC-4989-A1B8-B749FE6754EA}.Debug|x86.ActiveCfg = Debug|Any CPU
		{264A24F4-6CAC-4989-A1B8-B749FE6754EA}.Debug|x86.Build.0 = Debug|Any CPU
		{264A24F4-6CAC-4989-A1B8-B749FE6754EA}.Release|Any CPU.ActiveCfg = Release|Any CPU
		{264A24F4-6CAC-4989-A1B8-B749FE6754EA}.Release|Any CPU.Build.0 = Release|Any CPU
		{264A24F4-6CAC-4989-A1B8-B749FE6754EA}.Release|x64.ActiveCfg = Release|Any CPU
		{264A24F4-6CAC-4989-A1B8-B749FE6754EA}.Release|x64.Build.0 = Release|Any CPU
		{264A24F4-6CAC-4989-A1B8-B749FE6754EA}.Release|x86.ActiveCfg = Release|Any CPU
		{264A24F4-6CAC-4989-A1B8-B749FE6754EA}.Release|x86.Build.0 = Release|Any CPU
		{61AC552F-1130-4057-88BD-D5E20D24315C}.Debug|Any CPU.ActiveCfg = Debug|Any CPU
		{61AC552F-1130-4057-88BD-D5E20D24315C}.Debug|Any CPU.Build.0 = Debug|Any CPU
		{61AC552F-1130-4057-88BD-D5E20D24315C}.Debug|x64.ActiveCfg = Debug|Any CPU
		{61AC552F-1130-4057-88BD-D5E20D24315C}.Debug|x64.Build.0 = Debug|Any CPU
		{61AC552F-1130-4057-88BD-D5E20D24315C}.Debug|x86.ActiveCfg = Debug|Any CPU
		{61AC552F-1130-4057-88BD-D5E20D24315C}.Debug|x86.Build.0 = Debug|Any CPU
		{61AC552F-1130-4057-88BD-D5E20D24315C}.Release|Any CPU.ActiveCfg = Release|Any CPU
		{61AC552F-1130-4057-88BD-D5E20D24315C}.Release|Any CPU.Build.0 = Release|Any CPU
		{61AC552F-1130-4057-88BD-D5E20D24315C}.Release|x64.ActiveCfg = Release|Any CPU
		{61AC552F-1130-4057-88BD-D5E20D24315C}.Release|x64.Build.0 = Release|Any CPU
		{61AC552F-1130-4057-88BD-D5E20D24315C}.Release|x86.ActiveCfg = Release|Any CPU
		{61AC552F-1130-4057-88BD-D5E20D24315C}.Release|x86.Build.0 = Release|Any CPU
		{02A6E56E-63A4-4A84-834C-889B7BB56688}.Debug|Any CPU.ActiveCfg = Debug|Any CPU
		{02A6E56E-63A4-4A84-834C-889B7BB56688}.Debug|Any CPU.Build.0 = Debug|Any CPU
		{02A6E56E-63A4-4A84-834C-889B7BB56688}.Debug|x64.ActiveCfg = Debug|Any CPU
		{02A6E56E-63A4-4A84-834C-889B7BB56688}.Debug|x64.Build.0 = Debug|Any CPU
		{02A6E56E-63A4-4A84-834C-889B7BB56688}.Debug|x86.ActiveCfg = Debug|Any CPU
		{02A6E56E-63A4-4A84-834C-889B7BB56688}.Debug|x86.Build.0 = Debug|Any CPU
		{02A6E56E-63A4-4A84-834C-889B7BB56688}.Release|Any CPU.ActiveCfg = Release|Any CPU
		{02A6E56E-63A4-4A84-834C-889B7BB56688}.Release|Any CPU.Build.0 = Release|Any CPU
		{02A6E56E-63A4-4A84-834C-889B7BB56688}.Release|x64.ActiveCfg = Release|Any CPU
		{02A6E56E-63A4-4A84-834C-889B7BB56688}.Release|x64.Build.0 = Release|Any CPU
		{02A6E56E-63A4-4A84-834C-889B7BB56688}.Release|x86.ActiveCfg = Release|Any CPU
		{02A6E56E-63A4-4A84-834C-889B7BB56688}.Release|x86.Build.0 = Release|Any CPU
		{D0132B15-0829-4B28-8297-59C23B60F001}.Debug|Any CPU.ActiveCfg = Debug|Any CPU
		{D0132B15-0829-4B28-8297-59C23B60F001}.Debug|Any CPU.Build.0 = Debug|Any CPU
		{D0132B15-0829-4B28-8297-59C23B60F001}.Debug|x64.ActiveCfg = Debug|Any CPU
		{D0132B15-0829-4B28-8297-59C23B60F001}.Debug|x64.Build.0 = Debug|Any CPU
		{D0132B15-0829-4B28-8297-59C23B60F001}.Debug|x86.ActiveCfg = Debug|Any CPU
		{D0132B15-0829-4B28-8297-59C23B60F001}.Debug|x86.Build.0 = Debug|Any CPU
		{D0132B15-0829-4B28-8297-59C23B60F001}.Release|Any CPU.ActiveCfg = Release|Any CPU
		{D0132B15-0829-4B28-8297-59C23B60F001}.Release|Any CPU.Build.0 = Release|Any CPU
		{D0132B15-0829-4B28-8297-59C23B60F001}.Release|x64.ActiveCfg = Release|Any CPU
		{D0132B15-0829-4B28-8297-59C23B60F001}.Release|x64.Build.0 = Release|Any CPU
		{D0132B15-0829-4B28-8297-59C23B60F001}.Release|x86.ActiveCfg = Release|Any CPU
		{D0132B15-0829-4B28-8297-59C23B60F001}.Release|x86.Build.0 = Release|Any CPU
		{A7F751F7-ACDC-4CD3-9F35-5F72464FFCD1}.Debug|Any CPU.ActiveCfg = Debug|Any CPU
		{A7F751F7-ACDC-4CD3-9F35-5F72464FFCD1}.Debug|Any CPU.Build.0 = Debug|Any CPU
		{A7F751F7-ACDC-4CD3-9F35-5F72464FFCD1}.Debug|x64.ActiveCfg = Debug|Any CPU
		{A7F751F7-ACDC-4CD3-9F35-5F72464FFCD1}.Debug|x64.Build.0 = Debug|Any CPU
		{A7F751F7-ACDC-4CD3-9F35-5F72464FFCD1}.Debug|x86.ActiveCfg = Debug|Any CPU
		{A7F751F7-ACDC-4CD3-9F35-5F72464FFCD1}.Debug|x86.Build.0 = Debug|Any CPU
		{A7F751F7-ACDC-4CD3-9F35-5F72464FFCD1}.Release|Any CPU.ActiveCfg = Release|Any CPU
		{A7F751F7-ACDC-4CD3-9F35-5F72464FFCD1}.Release|Any CPU.Build.0 = Release|Any CPU
		{A7F751F7-ACDC-4CD3-9F35-5F72464FFCD1}.Release|x64.ActiveCfg = Release|Any CPU
		{A7F751F7-ACDC-4CD3-9F35-5F72464FFCD1}.Release|x64.Build.0 = Release|Any CPU
		{A7F751F7-ACDC-4CD3-9F35-5F72464FFCD1}.Release|x86.ActiveCfg = Release|Any CPU
		{A7F751F7-ACDC-4CD3-9F35-5F72464FFCD1}.Release|x86.Build.0 = Release|Any CPU
	EndGlobalSection
	GlobalSection(SolutionProperties) = preSolution
		HideSolutionNode = FALSE
	EndGlobalSection
	GlobalSection(NestedProjects) = preSolution
		{4CA92876-562E-439D-83B8-25F8E586BCB0} = {DC25D669-B0C8-45E7-B11F-527512EF3CF0}
		{264A24F4-6CAC-4989-A1B8-B749FE6754EA} = {FFF10B1F-6285-4E03-82DD-22D5BFB6069A}
		{61AC552F-1130-4057-88BD-D5E20D24315C} = {DC25D669-B0C8-45E7-B11F-527512EF3CF0}
		{02A6E56E-63A4-4A84-834C-889B7BB56688} = {FFF10B1F-6285-4E03-82DD-22D5BFB6069A}
		{D0132B15-0829-4B28-8297-59C23B60F001} = {C12B9C43-D8A0-403B-84F3-CB5345807318}
		{A7F751F7-ACDC-4CD3-9F35-5F72464FFCD1} = {C12B9C43-D8A0-403B-84F3-CB5345807318}
		{9E38AF35-210A-10F7-78D0-0B7E239E98A0} = {FFF10B1F-6285-4E03-82DD-22D5BFB6069A}
	EndGlobalSection
EndGlobal
